// !$*UTF8*$!
{
	archiveVersion = 1;
	classes = {
	};
	objectVersion = 46;
	objects = {

/* Begin PBXBuildFile section */
		0D71A77A0BE848ED8E48429E /* libPods-SySales.a in Frameworks */ = {isa = PBXBuildFile; fileRef = A4AC9A3EA3FFD5C9372F735D /* libPods-SySales.a */; };
		2F0CE7B41A28162700E5CDDF /* PTRXDataPersistence.m in Sources */ = {isa = PBXBuildFile; fileRef = 2F0CE7B31A28162700E5CDDF /* PTRXDataPersistence.m */; };
		2F0EFED81A30A86F0024EE9B /* PTRXDetailForHomePageViewController.m in Sources */ = {isa = PBXBuildFile; fileRef = 2F0EFED71A30A86F0024EE9B /* PTRXDetailForHomePageViewController.m */; };
		2F0EFEDB1A30A8CD0024EE9B /* PTRXHomeTabViewController.m in Sources */ = {isa = PBXBuildFile; fileRef = 2F0EFEDA1A30A8CD0024EE9B /* PTRXHomeTabViewController.m */; };
		2F645FC31A2E13FF00B6D355 /* PTRXConstants.m in Sources */ = {isa = PBXBuildFile; fileRef = 2F645FC21A2E13FF00B6D355 /* PTRXConstants.m */; };
		2F824F921A2448F800C037B6 /* Foundation.framework in Frameworks */ = {isa = PBXBuildFile; fileRef = 2F824F911A2448F800C037B6 /* Foundation.framework */; };
		2F824F941A2448F800C037B6 /* CoreGraphics.framework in Frameworks */ = {isa = PBXBuildFile; fileRef = 2F824F931A2448F800C037B6 /* CoreGraphics.framework */; };
		2F824F961A2448F800C037B6 /* UIKit.framework in Frameworks */ = {isa = PBXBuildFile; fileRef = 2F824F951A2448F800C037B6 /* UIKit.framework */; };
		2F824F9C1A2448F900C037B6 /* InfoPlist.strings in Resources */ = {isa = PBXBuildFile; fileRef = 2F824F9A1A2448F900C037B6 /* InfoPlist.strings */; };
		2F824F9E1A2448F900C037B6 /* main.m in Sources */ = {isa = PBXBuildFile; fileRef = 2F824F9D1A2448F900C037B6 /* main.m */; };
		2F824FA21A2448F900C037B6 /* PTRXAppDelegate.m in Sources */ = {isa = PBXBuildFile; fileRef = 2F824FA11A2448F900C037B6 /* PTRXAppDelegate.m */; };
		2F824FAA1A2448F900C037B6 /* Images.xcassets in Resources */ = {isa = PBXBuildFile; fileRef = 2F824FA91A2448F900C037B6 /* Images.xcassets */; };
		2F824FB11A2448F900C037B6 /* XCTest.framework in Frameworks */ = {isa = PBXBuildFile; fileRef = 2F824FB01A2448F900C037B6 /* XCTest.framework */; };
		2F824FB21A2448F900C037B6 /* Foundation.framework in Frameworks */ = {isa = PBXBuildFile; fileRef = 2F824F911A2448F800C037B6 /* Foundation.framework */; };
		2F824FB31A2448F900C037B6 /* UIKit.framework in Frameworks */ = {isa = PBXBuildFile; fileRef = 2F824F951A2448F800C037B6 /* UIKit.framework */; };
		2F824FBB1A2448F900C037B6 /* InfoPlist.strings in Resources */ = {isa = PBXBuildFile; fileRef = 2F824FB91A2448F900C037B6 /* InfoPlist.strings */; };
		2F824FBD1A2448F900C037B6 /* SySalesTests.m in Sources */ = {isa = PBXBuildFile; fileRef = 2F824FBC1A2448F900C037B6 /* SySalesTests.m */; };
		2F824FC71A24498600C037B6 /* MainView.storyboard in Resources */ = {isa = PBXBuildFile; fileRef = 2F824FC61A24498600C037B6 /* MainView.storyboard */; };
		2F824FD01A2449C500C037B6 /* PTRXWizardViewController.m in Sources */ = {isa = PBXBuildFile; fileRef = 2F824FC91A2449C500C037B6 /* PTRXWizardViewController.m */; };
		2F824FD11A2449C500C037B6 /* PTRXLoginViewController.m in Sources */ = {isa = PBXBuildFile; fileRef = 2F824FCB1A2449C500C037B6 /* PTRXLoginViewController.m */; };
		2F824FD21A2449C500C037B6 /* PTRXMainViewController.m in Sources */ = {isa = PBXBuildFile; fileRef = 2F824FCD1A2449C500C037B6 /* PTRXMainViewController.m */; };
		2FB07B8D1A245EA300A5E3F8 /* Localizable.strings in Resources */ = {isa = PBXBuildFile; fileRef = 2FB07B8C1A245EA300A5E3F8 /* Localizable.strings */; };
		2FBD7C4F1A309F4900D8BC48 /* PTRXMainTabsViewController.m in Sources */ = {isa = PBXBuildFile; fileRef = 2FBD7C4E1A309F4900D8BC48 /* PTRXMainTabsViewController.m */; };
/* End PBXBuildFile section */

/* Begin PBXContainerItemProxy section */
		2F824FB41A2448F900C037B6 /* PBXContainerItemProxy */ = {
			isa = PBXContainerItemProxy;
			containerPortal = 2F824F861A2448F800C037B6 /* Project object */;
			proxyType = 1;
			remoteGlobalIDString = 2F824F8D1A2448F800C037B6;
			remoteInfo = SySales;
		};
/* End PBXContainerItemProxy section */

/* Begin PBXFileReference section */
		0E0289E95E317597283617BC /* Pods-SySales.debug.xcconfig */ = {isa = PBXFileReference; includeInIndex = 1; lastKnownFileType = text.xcconfig; name = "Pods-SySales.debug.xcconfig"; path = "Pods/Target Support Files/Pods-SySales/Pods-SySales.debug.xcconfig"; sourceTree = "<group>"; };
		2F0CE7B21A28162700E5CDDF /* PTRXDataPersistence.h */ = {isa = PBXFileReference; fileEncoding = 4; lastKnownFileType = sourcecode.c.h; path = PTRXDataPersistence.h; sourceTree = "<group>"; };
		2F0CE7B31A28162700E5CDDF /* PTRXDataPersistence.m */ = {isa = PBXFileReference; fileEncoding = 4; lastKnownFileType = sourcecode.c.objc; path = PTRXDataPersistence.m; sourceTree = "<group>"; };
		2F0EFED61A30A86F0024EE9B /* PTRXDetailForHomePageViewController.h */ = {isa = PBXFileReference; fileEncoding = 4; lastKnownFileType = sourcecode.c.h; path = PTRXDetailForHomePageViewController.h; sourceTree = "<group>"; };
		2F0EFED71A30A86F0024EE9B /* PTRXDetailForHomePageViewController.m */ = {isa = PBXFileReference; fileEncoding = 4; lastKnownFileType = sourcecode.c.objc; path = PTRXDetailForHomePageViewController.m; sourceTree = "<group>"; };
		2F0EFED91A30A8CD0024EE9B /* PTRXHomeTabViewController.h */ = {isa = PBXFileReference; fileEncoding = 4; lastKnownFileType = sourcecode.c.h; path = PTRXHomeTabViewController.h; sourceTree = "<group>"; };
		2F0EFEDA1A30A8CD0024EE9B /* PTRXHomeTabViewController.m */ = {isa = PBXFileReference; fileEncoding = 4; lastKnownFileType = sourcecode.c.objc; path = PTRXHomeTabViewController.m; sourceTree = "<group>"; };
		2F645FC11A2E13FF00B6D355 /* PTRXConstants.h */ = {isa = PBXFileReference; fileEncoding = 4; lastKnownFileType = sourcecode.c.h; path = PTRXConstants.h; sourceTree = "<group>"; };
		2F645FC21A2E13FF00B6D355 /* PTRXConstants.m */ = {isa = PBXFileReference; fileEncoding = 4; lastKnownFileType = sourcecode.c.objc; path = PTRXConstants.m; sourceTree = "<group>"; };
		2F824F8E1A2448F800C037B6 /* SySales.app */ = {isa = PBXFileReference; explicitFileType = wrapper.application; includeInIndex = 0; path = SySales.app; sourceTree = BUILT_PRODUCTS_DIR; };
		2F824F911A2448F800C037B6 /* Foundation.framework */ = {isa = PBXFileReference; lastKnownFileType = wrapper.framework; name = Foundation.framework; path = System/Library/Frameworks/Foundation.framework; sourceTree = SDKROOT; };
		2F824F931A2448F800C037B6 /* CoreGraphics.framework */ = {isa = PBXFileReference; lastKnownFileType = wrapper.framework; name = CoreGraphics.framework; path = System/Library/Frameworks/CoreGraphics.framework; sourceTree = SDKROOT; };
		2F824F951A2448F800C037B6 /* UIKit.framework */ = {isa = PBXFileReference; lastKnownFileType = wrapper.framework; name = UIKit.framework; path = System/Library/Frameworks/UIKit.framework; sourceTree = SDKROOT; };
		2F824F991A2448F900C037B6 /* SySales-Info.plist */ = {isa = PBXFileReference; lastKnownFileType = text.plist.xml; path = "SySales-Info.plist"; sourceTree = "<group>"; };
		2F824F9B1A2448F900C037B6 /* en */ = {isa = PBXFileReference; lastKnownFileType = text.plist.strings; name = en; path = en.lproj/InfoPlist.strings; sourceTree = "<group>"; };
		2F824F9D1A2448F900C037B6 /* main.m */ = {isa = PBXFileReference; lastKnownFileType = sourcecode.c.objc; path = main.m; sourceTree = "<group>"; };
		2F824F9F1A2448F900C037B6 /* SySales-Prefix.pch */ = {isa = PBXFileReference; lastKnownFileType = sourcecode.c.h; path = "SySales-Prefix.pch"; sourceTree = "<group>"; };
		2F824FA01A2448F900C037B6 /* PTRXAppDelegate.h */ = {isa = PBXFileReference; lastKnownFileType = sourcecode.c.h; path = PTRXAppDelegate.h; sourceTree = "<group>"; };
		2F824FA11A2448F900C037B6 /* PTRXAppDelegate.m */ = {isa = PBXFileReference; lastKnownFileType = sourcecode.c.objc; path = PTRXAppDelegate.m; sourceTree = "<group>"; };
		2F824FA91A2448F900C037B6 /* Images.xcassets */ = {isa = PBXFileReference; lastKnownFileType = folder.assetcatalog; path = Images.xcassets; sourceTree = "<group>"; };
		2F824FAF1A2448F900C037B6 /* SySalesTests.xctest */ = {isa = PBXFileReference; explicitFileType = wrapper.cfbundle; includeInIndex = 0; path = SySalesTests.xctest; sourceTree = BUILT_PRODUCTS_DIR; };
		2F824FB01A2448F900C037B6 /* XCTest.framework */ = {isa = PBXFileReference; lastKnownFileType = wrapper.framework; name = XCTest.framework; path = Library/Frameworks/XCTest.framework; sourceTree = DEVELOPER_DIR; };
		2F824FB81A2448F900C037B6 /* SySalesTests-Info.plist */ = {isa = PBXFileReference; lastKnownFileType = text.plist.xml; path = "SySalesTests-Info.plist"; sourceTree = "<group>"; };
		2F824FBA1A2448F900C037B6 /* en */ = {isa = PBXFileReference; lastKnownFileType = text.plist.strings; name = en; path = en.lproj/InfoPlist.strings; sourceTree = "<group>"; };
		2F824FBC1A2448F900C037B6 /* SySalesTests.m */ = {isa = PBXFileReference; lastKnownFileType = sourcecode.c.objc; path = SySalesTests.m; sourceTree = "<group>"; };
		2F824FC61A24498600C037B6 /* MainView.storyboard */ = {isa = PBXFileReference; fileEncoding = 4; lastKnownFileType = file.storyboard; path = MainView.storyboard; sourceTree = "<group>"; };
		2F824FC81A2449C500C037B6 /* PTRXWizardViewController.h */ = {isa = PBXFileReference; fileEncoding = 4; lastKnownFileType = sourcecode.c.h; path = PTRXWizardViewController.h; sourceTree = "<group>"; };
		2F824FC91A2449C500C037B6 /* PTRXWizardViewController.m */ = {isa = PBXFileReference; fileEncoding = 4; lastKnownFileType = sourcecode.c.objc; path = PTRXWizardViewController.m; sourceTree = "<group>"; };
		2F824FCA1A2449C500C037B6 /* PTRXLoginViewController.h */ = {isa = PBXFileReference; fileEncoding = 4; lastKnownFileType = sourcecode.c.h; path = PTRXLoginViewController.h; sourceTree = "<group>"; };
		2F824FCB1A2449C500C037B6 /* PTRXLoginViewController.m */ = {isa = PBXFileReference; fileEncoding = 4; lastKnownFileType = sourcecode.c.objc; path = PTRXLoginViewController.m; sourceTree = "<group>"; };
		2F824FCC1A2449C500C037B6 /* PTRXMainViewController.h */ = {isa = PBXFileReference; fileEncoding = 4; lastKnownFileType = sourcecode.c.h; path = PTRXMainViewController.h; sourceTree = "<group>"; };
		2F824FCD1A2449C500C037B6 /* PTRXMainViewController.m */ = {isa = PBXFileReference; fileEncoding = 4; lastKnownFileType = sourcecode.c.objc; path = PTRXMainViewController.m; sourceTree = "<group>"; };
		2FB07B8A1A245D8E00A5E3F8 /* zh-Hans */ = {isa = PBXFileReference; lastKnownFileType = text.plist.strings; name = "zh-Hans"; path = "zh-Hans.lproj/InfoPlist.strings"; sourceTree = "<group>"; };
		2FB07B8B1A245D8E00A5E3F8 /* zh-Hans */ = {isa = PBXFileReference; lastKnownFileType = text.plist.strings; name = "zh-Hans"; path = "zh-Hans.lproj/InfoPlist.strings"; sourceTree = "<group>"; };
		2FB07B8C1A245EA300A5E3F8 /* Localizable.strings */ = {isa = PBXFileReference; fileEncoding = 4; lastKnownFileType = text.plist.strings; path = Localizable.strings; sourceTree = SOURCE_ROOT; };
		2FBD7C4D1A309F4900D8BC48 /* PTRXMainTabsViewController.h */ = {isa = PBXFileReference; fileEncoding = 4; lastKnownFileType = sourcecode.c.h; path = PTRXMainTabsViewController.h; sourceTree = "<group>"; };
		2FBD7C4E1A309F4900D8BC48 /* PTRXMainTabsViewController.m */ = {isa = PBXFileReference; fileEncoding = 4; lastKnownFileType = sourcecode.c.objc; path = PTRXMainTabsViewController.m; sourceTree = "<group>"; };
		930EDF6CE772C34A8E9B33C9 /* Pods-SySales.release.xcconfig */ = {isa = PBXFileReference; includeInIndex = 1; lastKnownFileType = text.xcconfig; name = "Pods-SySales.release.xcconfig"; path = "Pods/Target Support Files/Pods-SySales/Pods-SySales.release.xcconfig"; sourceTree = "<group>"; };
		A4AC9A3EA3FFD5C9372F735D /* libPods-SySales.a */ = {isa = PBXFileReference; explicitFileType = archive.ar; includeInIndex = 0; path = "libPods-SySales.a"; sourceTree = BUILT_PRODUCTS_DIR; };
/* End PBXFileReference section */

/* Begin PBXFrameworksBuildPhase section */
		2F824F8B1A2448F800C037B6 /* Frameworks */ = {
			isa = PBXFrameworksBuildPhase;
			buildActionMask = 2147483647;
			files = (
				2F824F941A2448F800C037B6 /* CoreGraphics.framework in Frameworks */,
				2F824F961A2448F800C037B6 /* UIKit.framework in Frameworks */,
				2F824F921A2448F800C037B6 /* Foundation.framework in Frameworks */,
				0D71A77A0BE848ED8E48429E /* libPods-SySales.a in Frameworks */,
			);
			runOnlyForDeploymentPostprocessing = 0;
		};
		2F824FAC1A2448F900C037B6 /* Frameworks */ = {
			isa = PBXFrameworksBuildPhase;
			buildActionMask = 2147483647;
			files = (
				2F824FB11A2448F900C037B6 /* XCTest.framework in Frameworks */,
				2F824FB31A2448F900C037B6 /* UIKit.framework in Frameworks */,
				2F824FB21A2448F900C037B6 /* Foundation.framework in Frameworks */,
			);
			runOnlyForDeploymentPostprocessing = 0;
		};
/* End PBXFrameworksBuildPhase section */

/* Begin PBXGroup section */
		2F824F851A2448F800C037B6 = {
			isa = PBXGroup;
			children = (
				2F824F971A2448F800C037B6 /* SySales */,
				2F824FB61A2448F900C037B6 /* SySalesTests */,
				2F824F901A2448F800C037B6 /* Frameworks */,
				2F824F8F1A2448F800C037B6 /* Products */,
				8F0E445386DCB94678EFBC6A /* Pods */,
			);
			sourceTree = "<group>";
		};
		2F824F8F1A2448F800C037B6 /* Products */ = {
			isa = PBXGroup;
			children = (
				2F824F8E1A2448F800C037B6 /* SySales.app */,
				2F824FAF1A2448F900C037B6 /* SySalesTests.xctest */,
			);
			name = Products;
			sourceTree = "<group>";
		};
		2F824F901A2448F800C037B6 /* Frameworks */ = {
			isa = PBXGroup;
			children = (
				2F824F911A2448F800C037B6 /* Foundation.framework */,
				2F824F931A2448F800C037B6 /* CoreGraphics.framework */,
				2F824F951A2448F800C037B6 /* UIKit.framework */,
				2F824FB01A2448F900C037B6 /* XCTest.framework */,
				A4AC9A3EA3FFD5C9372F735D /* libPods-SySales.a */,
			);
			name = Frameworks;
			sourceTree = "<group>";
		};
		2F824F971A2448F800C037B6 /* SySales */ = {
			isa = PBXGroup;
			children = (
				2F824FA01A2448F900C037B6 /* PTRXAppDelegate.h */,
				2F824FA11A2448F900C037B6 /* PTRXAppDelegate.m */,
				2F645FC11A2E13FF00B6D355 /* PTRXConstants.h */,
				2F645FC21A2E13FF00B6D355 /* PTRXConstants.m */,
				2F824FC81A2449C500C037B6 /* PTRXWizardViewController.h */,
				2F824FC91A2449C500C037B6 /* PTRXWizardViewController.m */,
				2F824FCA1A2449C500C037B6 /* PTRXLoginViewController.h */,
				2F824FCB1A2449C500C037B6 /* PTRXLoginViewController.m */,
				2F824FCC1A2449C500C037B6 /* PTRXMainViewController.h */,
				2F824FCD1A2449C500C037B6 /* PTRXMainViewController.m */,
				2F0CE7B21A28162700E5CDDF /* PTRXDataPersistence.h */,
				2F0CE7B31A28162700E5CDDF /* PTRXDataPersistence.m */,
				2FBD7C4D1A309F4900D8BC48 /* PTRXMainTabsViewController.h */,
				2FBD7C4E1A309F4900D8BC48 /* PTRXMainTabsViewController.m */,
				2F0EFED91A30A8CD0024EE9B /* PTRXHomeTabViewController.h */,
				2F0EFEDA1A30A8CD0024EE9B /* PTRXHomeTabViewController.m */,
				2F0EFED61A30A86F0024EE9B /* PTRXDetailForHomePageViewController.h */,
				2F0EFED71A30A86F0024EE9B /* PTRXDetailForHomePageViewController.m */,
				2F824FC61A24498600C037B6 /* MainView.storyboard */,
				2F824FA91A2448F900C037B6 /* Images.xcassets */,
				2F824F981A2448F900C037B6 /* Supporting Files */,
			);
			path = SySales;
			sourceTree = "<group>";
		};
		2F824F981A2448F900C037B6 /* Supporting Files */ = {
			isa = PBXGroup;
			children = (
				2FB07B8C1A245EA300A5E3F8 /* Localizable.strings */,
				2F824F991A2448F900C037B6 /* SySales-Info.plist */,
				2F824F9A1A2448F900C037B6 /* InfoPlist.strings */,
				2F824F9D1A2448F900C037B6 /* main.m */,
				2F824F9F1A2448F900C037B6 /* SySales-Prefix.pch */,
			);
			name = "Supporting Files";
			sourceTree = "<group>";
		};
		2F824FB61A2448F900C037B6 /* SySalesTests */ = {
			isa = PBXGroup;
			children = (
				2F824FBC1A2448F900C037B6 /* SySalesTests.m */,
				2F824FB71A2448F900C037B6 /* Supporting Files */,
			);
			path = SySalesTests;
			sourceTree = "<group>";
		};
		2F824FB71A2448F900C037B6 /* Supporting Files */ = {
			isa = PBXGroup;
			children = (
				2F824FB81A2448F900C037B6 /* SySalesTests-Info.plist */,
				2F824FB91A2448F900C037B6 /* InfoPlist.strings */,
			);
			name = "Supporting Files";
			sourceTree = "<group>";
		};
		8F0E445386DCB94678EFBC6A /* Pods */ = {
			isa = PBXGroup;
			children = (
				0E0289E95E317597283617BC /* Pods-SySales.debug.xcconfig */,
				930EDF6CE772C34A8E9B33C9 /* Pods-SySales.release.xcconfig */,
			);
			name = Pods;
			sourceTree = "<group>";
		};
/* End PBXGroup section */

/* Begin PBXNativeTarget section */
		2F824F8D1A2448F800C037B6 /* SySales */ = {
			isa = PBXNativeTarget;
			buildConfigurationList = 2F824FC01A2448F900C037B6 /* Build configuration list for PBXNativeTarget "SySales" */;
			buildPhases = (
				597C55A8576E38DFE54377B5 /* Check Pods Manifest.lock */,
				2F824F8A1A2448F800C037B6 /* Sources */,
				2F824F8B1A2448F800C037B6 /* Frameworks */,
				2F824F8C1A2448F800C037B6 /* Resources */,
				4E0011F89F2D13A0492E73D2 /* Copy Pods Resources */,
			);
			buildRules = (
			);
			dependencies = (
			);
			name = SySales;
			productName = SySales;
			productReference = 2F824F8E1A2448F800C037B6 /* SySales.app */;
			productType = "com.apple.product-type.application";
		};
		2F824FAE1A2448F900C037B6 /* SySalesTests */ = {
			isa = PBXNativeTarget;
			buildConfigurationList = 2F824FC31A2448F900C037B6 /* Build configuration list for PBXNativeTarget "SySalesTests" */;
			buildPhases = (
				2F824FAB1A2448F900C037B6 /* Sources */,
				2F824FAC1A2448F900C037B6 /* Frameworks */,
				2F824FAD1A2448F900C037B6 /* Resources */,
			);
			buildRules = (
			);
			dependencies = (
				2F824FB51A2448F900C037B6 /* PBXTargetDependency */,
			);
			name = SySalesTests;
			productName = SySalesTests;
			productReference = 2F824FAF1A2448F900C037B6 /* SySalesTests.xctest */;
			productType = "com.apple.product-type.bundle.unit-test";
		};
/* End PBXNativeTarget section */

/* Begin PBXProject section */
		2F824F861A2448F800C037B6 /* Project object */ = {
			isa = PBXProject;
			attributes = {
				CLASSPREFIX = PTRX;
				LastUpgradeCheck = 0500;
				ORGANIZATIONNAME = "Wang Long";
				TargetAttributes = {
					2F824FAE1A2448F900C037B6 = {
						TestTargetID = 2F824F8D1A2448F800C037B6;
					};
				};
			};
			buildConfigurationList = 2F824F891A2448F800C037B6 /* Build configuration list for PBXProject "SySales" */;
			compatibilityVersion = "Xcode 3.2";
			developmentRegion = English;
			hasScannedForEncodings = 0;
			knownRegions = (
				en,
				Base,
				"zh-Hans",
			);
			mainGroup = 2F824F851A2448F800C037B6;
			productRefGroup = 2F824F8F1A2448F800C037B6 /* Products */;
			projectDirPath = "";
			projectRoot = "";
			targets = (
				2F824F8D1A2448F800C037B6 /* SySales */,
				2F824FAE1A2448F900C037B6 /* SySalesTests */,
			);
		};
/* End PBXProject section */

/* Begin PBXResourcesBuildPhase section */
		2F824F8C1A2448F800C037B6 /* Resources */ = {
			isa = PBXResourcesBuildPhase;
			buildActionMask = 2147483647;
			files = (
				2F824FAA1A2448F900C037B6 /* Images.xcassets in Resources */,
				2FB07B8D1A245EA300A5E3F8 /* Localizable.strings in Resources */,
				2F824FC71A24498600C037B6 /* MainView.storyboard in Resources */,
				2F824F9C1A2448F900C037B6 /* InfoPlist.strings in Resources */,
			);
			runOnlyForDeploymentPostprocessing = 0;
		};
		2F824FAD1A2448F900C037B6 /* Resources */ = {
			isa = PBXResourcesBuildPhase;
			buildActionMask = 2147483647;
			files = (
				2F824FBB1A2448F900C037B6 /* InfoPlist.strings in Resources */,
			);
			runOnlyForDeploymentPostprocessing = 0;
		};
/* End PBXResourcesBuildPhase section */

/* Begin PBXShellScriptBuildPhase section */
		4E0011F89F2D13A0492E73D2 /* Copy Pods Resources */ = {
			isa = PBXShellScriptBuildPhase;
			buildActionMask = 2147483647;
			files = (
			);
			inputPaths = (
			);
			name = "Copy Pods Resources";
			outputPaths = (
			);
			runOnlyForDeploymentPostprocessing = 0;
			shellPath = /bin/sh;
			shellScript = "\"${SRCROOT}/Pods/Target Support Files/Pods-SySales/Pods-SySales-resources.sh\"\n";
			showEnvVarsInLog = 0;
		};
		597C55A8576E38DFE54377B5 /* Check Pods Manifest.lock */ = {
			isa = PBXShellScriptBuildPhase;
			buildActionMask = 2147483647;
			files = (
			);
			inputPaths = (
			);
			name = "Check Pods Manifest.lock";
			outputPaths = (
			);
			runOnlyForDeploymentPostprocessing = 0;
			shellPath = /bin/sh;
			shellScript = "diff \"${PODS_ROOT}/../Podfile.lock\" \"${PODS_ROOT}/Manifest.lock\" > /dev/null\nif [[ $? != 0 ]] ; then\n    cat << EOM\nerror: The sandbox is not in sync with the Podfile.lock. Run 'pod install' or update your CocoaPods installation.\nEOM\n    exit 1\nfi\n";
			showEnvVarsInLog = 0;
		};
/* End PBXShellScriptBuildPhase section */

/* Begin PBXSourcesBuildPhase section */
		2F824F8A1A2448F800C037B6 /* Sources */ = {
			isa = PBXSourcesBuildPhase;
			buildActionMask = 2147483647;
			files = (
				2F645FC31A2E13FF00B6D355 /* PTRXConstants.m in Sources */,
				2FBD7C4F1A309F4900D8BC48 /* PTRXMainTabsViewController.m in Sources */,
				2F0EFEDB1A30A8CD0024EE9B /* PTRXHomeTabViewController.m in Sources */,
				2F0EFED81A30A86F0024EE9B /* PTRXDetailForHomePageViewController.m in Sources */,
				2F824FA21A2448F900C037B6 /* PTRXAppDelegate.m in Sources */,
				2F824F9E1A2448F900C037B6 /* main.m in Sources */,
				2F824FD11A2449C500C037B6 /* PTRXLoginViewController.m in Sources */,
				2F0CE7B41A28162700E5CDDF /* PTRXDataPersistence.m in Sources */,
				2F824FD01A2449C500C037B6 /* PTRXWizardViewController.m in Sources */,
				2F824FD21A2449C500C037B6 /* PTRXMainViewController.m in Sources */,
			);
			runOnlyForDeploymentPostprocessing = 0;
		};
		2F824FAB1A2448F900C037B6 /* Sources */ = {
			isa = PBXSourcesBuildPhase;
			buildActionMask = 2147483647;
			files = (
				2F824FBD1A2448F900C037B6 /* SySalesTests.m in Sources */,
			);
			runOnlyForDeploymentPostprocessing = 0;
		};
/* End PBXSourcesBuildPhase section */

/* Begin PBXTargetDependency section */
		2F824FB51A2448F900C037B6 /* PBXTargetDependency */ = {
			isa = PBXTargetDependency;
			target = 2F824F8D1A2448F800C037B6 /* SySales */;
			targetProxy = 2F824FB41A2448F900C037B6 /* PBXContainerItemProxy */;
		};
/* End PBXTargetDependency section */

/* Begin PBXVariantGroup section */
		2F824F9A1A2448F900C037B6 /* InfoPlist.strings */ = {
			isa = PBXVariantGroup;
			children = (
				2F824F9B1A2448F900C037B6 /* en */,
				2FB07B8A1A245D8E00A5E3F8 /* zh-Hans */,
			);
			name = InfoPlist.strings;
			sourceTree = "<group>";
		};
		2F824FB91A2448F900C037B6 /* InfoPlist.strings */ = {
			isa = PBXVariantGroup;
			children = (
				2F824FBA1A2448F900C037B6 /* en */,
				2FB07B8B1A245D8E00A5E3F8 /* zh-Hans */,
			);
			name = InfoPlist.strings;
			sourceTree = "<group>";
		};
/* End PBXVariantGroup section */

/* Begin XCBuildConfiguration section */
		2F824FBE1A2448F900C037B6 /* Debug */ = {
			isa = XCBuildConfiguration;
			buildSettings = {
				ALWAYS_SEARCH_USER_PATHS = NO;
				ARCHS = "$(ARCHS_STANDARD_INCLUDING_64_BIT)";
				CLANG_CXX_LANGUAGE_STANDARD = "gnu++0x";
				CLANG_CXX_LIBRARY = "libc++";
				CLANG_ENABLE_MODULES = YES;
				CLANG_ENABLE_OBJC_ARC = YES;
				CLANG_WARN_BOOL_CONVERSION = YES;
				CLANG_WARN_CONSTANT_CONVERSION = YES;
				CLANG_WARN_DIRECT_OBJC_ISA_USAGE = YES_ERROR;
				CLANG_WARN_EMPTY_BODY = YES;
				CLANG_WARN_ENUM_CONVERSION = YES;
				CLANG_WARN_INT_CONVERSION = YES;
				CLANG_WARN_OBJC_ROOT_CLASS = YES_ERROR;
				CLANG_WARN__DUPLICATE_METHOD_MATCH = YES;
				"CODE_SIGN_IDENTITY[sdk=iphoneos*]" = "iPhone Developer";
				COPY_PHASE_STRIP = NO;
				GCC_C_LANGUAGE_STANDARD = gnu99;
				GCC_DYNAMIC_NO_PIC = NO;
				GCC_OPTIMIZATION_LEVEL = 0;
				GCC_PREPROCESSOR_DEFINITIONS = (
					"DEBUG=1",
					"$(inherited)",
				);
				GCC_SYMBOLS_PRIVATE_EXTERN = NO;
				GCC_WARN_64_TO_32_BIT_CONVERSION = YES;
				GCC_WARN_ABOUT_RETURN_TYPE = YES_ERROR;
				GCC_WARN_UNDECLARED_SELECTOR = YES;
				GCC_WARN_UNINITIALIZED_AUTOS = YES;
				GCC_WARN_UNUSED_FUNCTION = YES;
				GCC_WARN_UNUSED_VARIABLE = YES;
				IPHONEOS_DEPLOYMENT_TARGET = 7.0;
				ONLY_ACTIVE_ARCH = YES;
				SDKROOT = iphoneos;
			};
			name = Debug;
		};
		2F824FBF1A2448F900C037B6 /* Release */ = {
			isa = XCBuildConfiguration;
			buildSettings = {
				ALWAYS_SEARCH_USER_PATHS = NO;
				ARCHS = "$(ARCHS_STANDARD_INCLUDING_64_BIT)";
				CLANG_CXX_LANGUAGE_STANDARD = "gnu++0x";
				CLANG_CXX_LIBRARY = "libc++";
				CLANG_ENABLE_MODULES = YES;
				CLANG_ENABLE_OBJC_ARC = YES;
				CLANG_WARN_BOOL_CONVERSION = YES;
				CLANG_WARN_CONSTANT_CONVERSION = YES;
				CLANG_WARN_DIRECT_OBJC_ISA_USAGE = YES_ERROR;
				CLANG_WARN_EMPTY_BODY = YES;
				CLANG_WARN_ENUM_CONVERSION = YES;
				CLANG_WARN_INT_CONVERSION = YES;
				CLANG_WARN_OBJC_ROOT_CLASS = YES_ERROR;
				CLANG_WARN__DUPLICATE_METHOD_MATCH = YES;
				"CODE_SIGN_IDENTITY[sdk=iphoneos*]" = "iPhone Developer";
				COPY_PHASE_STRIP = YES;
				ENABLE_NS_ASSERTIONS = NO;
				GCC_C_LANGUAGE_STANDARD = gnu99;
				GCC_WARN_64_TO_32_BIT_CONVERSION = YES;
				GCC_WARN_ABOUT_RETURN_TYPE = YES_ERROR;
				GCC_WARN_UNDECLARED_SELECTOR = YES;
				GCC_WARN_UNINITIALIZED_AUTOS = YES;
				GCC_WARN_UNUSED_FUNCTION = YES;
				GCC_WARN_UNUSED_VARIABLE = YES;
				IPHONEOS_DEPLOYMENT_TARGET = 7.0;
				SDKROOT = iphoneos;
				VALIDATE_PRODUCT = YES;
			};
			name = Release;
		};
		2F824FC11A2448F900C037B6 /* Debug */ = {
			isa = XCBuildConfiguration;
			baseConfigurationReference = 0E0289E95E317597283617BC /* Pods-SySales.debug.xcconfig */;
			buildSettings = {
				ASSETCATALOG_COMPILER_APPICON_NAME = AppIcon;
				ASSETCATALOG_COMPILER_LAUNCHIMAGE_NAME = LaunchImage;
				GCC_PRECOMPILE_PREFIX_HEADER = YES;
				GCC_PREFIX_HEADER = "SySales/SySales-Prefix.pch";
				INFOPLIST_FILE = "SySales/SySales-Info.plist";
				PRODUCT_NAME = "$(TARGET_NAME)";
				WRAPPER_EXTENSION = app;
			};
			name = Debug;
		};
		2F824FC21A2448F900C037B6 /* Release */ = {
			isa = XCBuildConfiguration;
			baseConfigurationReference = 930EDF6CE772C34A8E9B33C9 /* Pods-SySales.release.xcconfig */;
			buildSettings = {
				ASSETCATALOG_COMPILER_APPICON_NAME = AppIcon;
				ASSETCATALOG_COMPILER_LAUNCHIMAGE_NAME = LaunchImage;
				GCC_PRECOMPILE_PREFIX_HEADER = YES;
				GCC_PREFIX_HEADER = "SySales/SySales-Prefix.pch";
				INFOPLIST_FILE = "SySales/SySales-Info.plist";
				PRODUCT_NAME = "$(TARGET_NAME)";
				WRAPPER_EXTENSION = app;
			};
			name = Release;
		};
		2F824FC41A2448F900C037B6 /* Debug */ = {
			isa = XCBuildConfiguration;
			buildSettings = {
				ARCHS = "$(ARCHS_STANDARD_INCLUDING_64_BIT)";
				BUNDLE_LOADER = "$(BUILT_PRODUCTS_DIR)/SySales.app/SySales";
				FRAMEWORK_SEARCH_PATHS = (
					"$(SDKROOT)/Developer/Library/Frameworks",
					"$(inherited)",
					"$(DEVELOPER_FRAMEWORKS_DIR)",
				);
				GCC_PRECOMPILE_PREFIX_HEADER = YES;
				GCC_PREFIX_HEADER = "SySales/SySales-Prefix.pch";
				GCC_PREPROCESSOR_DEFINITIONS = (
					"DEBUG=1",
					"$(inherited)",
				);
				INFOPLIST_FILE = "SySalesTests/SySalesTests-Info.plist";
				PRODUCT_NAME = "$(TARGET_NAME)";
				TEST_HOST = "$(BUNDLE_LOADER)";
				WRAPPER_EXTENSION = xctest;
			};
			name = Debug;
		};
		2F824FC51A2448F900C037B6 /* Release */ = {
			isa = XCBuildConfiguration;
			buildSettings = {
				ARCHS = "$(ARCHS_STANDARD_INCLUDING_64_BIT)";
				BUNDLE_LOADER = "$(BUILT_PRODUCTS_DIR)/SySales.app/SySales";
				FRAMEWORK_SEARCH_PATHS = (
					"$(SDKROOT)/Developer/Library/Frameworks",
					"$(inherited)",
					"$(DEVELOPER_FRAMEWORKS_DIR)",
				);
				GCC_PRECOMPILE_PREFIX_HEADER = YES;
				GCC_PREFIX_HEADER = "SySales/SySales-Prefix.pch";
				INFOPLIST_FILE = "SySalesTests/SySalesTests-Info.plist";
				PRODUCT_NAME = "$(TARGET_NAME)";
				TEST_HOST = "$(BUNDLE_LOADER)";
				WRAPPER_EXTENSION = xctest;
			};
			name = Release;
		};
/* End XCBuildConfiguration section */

/* Begin XCConfigurationList section */
		2F824F891A2448F800C037B6 /* Build configuration list for PBXProject "SySales" */ = {
			isa = XCConfigurationList;
			buildConfigurations = (
				2F824FBE1A2448F900C037B6 /* Debug */,
				2F824FBF1A2448F900C037B6 /* Release */,
			);
			defaultConfigurationIsVisible = 0;
			defaultConfigurationName = Release;
		};
		2F824FC01A2448F900C037B6 /* Build configuration list for PBXNativeTarget "SySales" */ = {
			isa = XCConfigurationList;
			buildConfigurations = (
				2F824FC11A2448F900C037B6 /* Debug */,
				2F824FC21A2448F900C037B6 /* Release */,
			);
			defaultConfigurationIsVisible = 0;
			defaultConfigurationName = Release;
		};
		2F824FC31A2448F900C037B6 /* Build configuration list for PBXNativeTarget "SySalesTests" */ = {
			isa = XCConfigurationList;
			buildConfigurations = (
				2F824FC41A2448F900C037B6 /* Debug */,
				2F824FC51A2448F900C037B6 /* Release */,
			);
			defaultConfigurationIsVisible = 0;
			defaultConfigurationName = Release;
		};
/* End XCConfigurationList section */
	};
	rootObject = 2F824F861A2448F800C037B6 /* Project object */;
}
